
Microsoft Visual Studio Solution File, Format Version 12.00
# Visual Studio Version 17
VisualStudioVersion = 17.12.35707.178
MinimumVisualStudioVersion = 10.0.40219.1
Project("{FAE04EC0-301F-11D3-BF4B-00C04F79EFBC}") = "Plugfy.Core.Commons", "Plugfy.Core.Commons\Plugfy.Core.Commons.csproj", "{5F6CA093-9D80-40BC-8CC3-0A6AEA90514C}"
EndProject
Project("{FAE04EC0-301F-11D3-BF4B-00C04F79EFBC}") = "Plugfy.Core.Extension.Library.Runner.DotNet", "Plugfy.Core.Extension.Library.Runner.DotNet8\Plugfy.Core.Extension.Library.Runner.DotNet.csproj", "{DFB84E41-0FC6-40EC-93D2-6E0AA2DF5BC1}"
EndProject
Project("{FAE04EC0-301F-11D3-BF4B-00C04F79EFBC}") = "Plugfy.Core.Data.Communication.STDInOut", "Plugfy.Core.Data.Communication.STDInOut\Plugfy.Core.Data.Communication.STDInOut.csproj", "{A39B1DAE-A604-4E03-86B9-945A7D3CC163}"
EndProject
Project("{FAE04EC0-301F-11D3-BF4B-00C04F79EFBC}") = "Plugfy.Core.Data.Communication.SharedMemory", "Plugfy.Core.Data.Communication.SharedMemory\Plugfy.Core.Data.Communication.SharedMemory.csproj", "{7DD53679-6838-4008-B575-360D4946282C}"
EndProject
Project("{2150E333-8FDC-42A3-9474-1A3956D46DE8}") = "Extensions", "Extensions", "{C95C412E-4E41-4045-BCF4-DCEAC172E9B3}"
EndProject
Project("{2150E333-8FDC-42A3-9474-1A3956D46DE8}") = "Library", "Library", "{34E90A09-130F-4527-9E91-6DBF91389672}"
EndProject
Project("{2150E333-8FDC-42A3-9474-1A3956D46DE8}") = "Extensions", "Extensions", "{FCDD36E4-B90F-420F-B6B6-0399A2BAD037}"
EndProject
Project("{2150E333-8FDC-42A3-9474-1A3956D46DE8}") = "Runners", "Runners", "{3592531D-D818-444F-AB12-018596260A26}"
EndProject
Project("{2150E333-8FDC-42A3-9474-1A3956D46DE8}") = "Communicators", "Communicators", "{8E3DED7B-15A1-4628-B14D-20B23D373A56}"
EndProject
Project("{2150E333-8FDC-42A3-9474-1A3956D46DE8}") = "Shared", "Shared", "{1842F144-C27C-435B-AE2F-40DE260447EC}"
EndProject
Project("{FAE04EC0-301F-11D3-BF4B-00C04F79EFBC}") = "Plugfy.Core.Commons.Communication", "Plugfy.Core.Commons.Communication\Plugfy.Core.Commons.Communication.csproj", "{A66F21DD-3E35-4B81-A25E-D260482F6261}"
EndProject
Project("{2150E333-8FDC-42A3-9474-1A3956D46DE8}") = "Commons", "Commons", "{7C4656C2-8796-428D-8298-416DB6651DBE}"
EndProject
Global
	GlobalSection(SolutionConfigurationPlatforms) = preSolution
		Debug|Any CPU = Debug|Any CPU
		Release|Any CPU = Release|Any CPU
	EndGlobalSection
	GlobalSection(ProjectConfigurationPlatforms) = postSolution
		{5F6CA093-9D80-40BC-8CC3-0A6AEA90514C}.Debug|Any CPU.ActiveCfg = Debug|Any CPU
		{5F6CA093-9D80-40BC-8CC3-0A6AEA90514C}.Debug|Any CPU.Build.0 = Debug|Any CPU
		{5F6CA093-9D80-40BC-8CC3-0A6AEA90514C}.Release|Any CPU.ActiveCfg = Release|Any CPU
		{5F6CA093-9D80-40BC-8CC3-0A6AEA90514C}.Release|Any CPU.Build.0 = Release|Any CPU
		{DFB84E41-0FC6-40EC-93D2-6E0AA2DF5BC1}.Debug|Any CPU.ActiveCfg = Debug|Any CPU
		{DFB84E41-0FC6-40EC-93D2-6E0AA2DF5BC1}.Debug|Any CPU.Build.0 = Debug|Any CPU
		{DFB84E41-0FC6-40EC-93D2-6E0AA2DF5BC1}.Release|Any CPU.ActiveCfg = Release|Any CPU
		{DFB84E41-0FC6-40EC-93D2-6E0AA2DF5BC1}.Release|Any CPU.Build.0 = Release|Any CPU
		{A39B1DAE-A604-4E03-86B9-945A7D3CC163}.Debug|Any CPU.ActiveCfg = Debug|Any CPU
		{A39B1DAE-A604-4E03-86B9-945A7D3CC163}.Debug|Any CPU.Build.0 = Debug|Any CPU
		{A39B1DAE-A604-4E03-86B9-945A7D3CC163}.Release|Any CPU.ActiveCfg = Release|Any CPU
		{A39B1DAE-A604-4E03-86B9-945A7D3CC163}.Release|Any CPU.Build.0 = Release|Any CPU
		{7DD53679-6838-4008-B575-360D4946282C}.Debug|Any CPU.ActiveCfg = Debug|Any CPU
		{7DD53679-6838-4008-B575-360D4946282C}.Debug|Any CPU.Build.0 = Debug|Any CPU
		{7DD53679-6838-4008-B575-360D4946282C}.Release|Any CPU.ActiveCfg = Release|Any CPU
		{7DD53679-6838-4008-B575-360D4946282C}.Release|Any CPU.Build.0 = Release|Any CPU
		{A66F21DD-3E35-4B81-A25E-D260482F6261}.Debug|Any CPU.ActiveCfg = Debug|Any CPU
		{A66F21DD-3E35-4B81-A25E-D260482F6261}.Debug|Any CPU.Build.0 = Debug|Any CPU
		{A66F21DD-3E35-4B81-A25E-D260482F6261}.Release|Any CPU.ActiveCfg = Release|Any CPU
		{A66F21DD-3E35-4B81-A25E-D260482F6261}.Release|Any CPU.Build.0 = Release|Any CPU
	EndGlobalSection
	GlobalSection(SolutionProperties) = preSolution
		HideSolutionNode = FALSE
	EndGlobalSection
	GlobalSection(NestedProjects) = preSolution
		{5F6CA093-9D80-40BC-8CC3-0A6AEA90514C} = {1842F144-C27C-435B-AE2F-40DE260447EC}
		{DFB84E41-0FC6-40EC-93D2-6E0AA2DF5BC1} = {3592531D-D818-444F-AB12-018596260A26}
		{A39B1DAE-A604-4E03-86B9-945A7D3CC163} = {8E3DED7B-15A1-4628-B14D-20B23D373A56}
		{7DD53679-6838-4008-B575-360D4946282C} = {8E3DED7B-15A1-4628-B14D-20B23D373A56}
		{34E90A09-130F-4527-9E91-6DBF91389672} = {C95C412E-4E41-4045-BCF4-DCEAC172E9B3}
		{FCDD36E4-B90F-420F-B6B6-0399A2BAD037} = {34E90A09-130F-4527-9E91-6DBF91389672}
		{3592531D-D818-444F-AB12-018596260A26} = {FCDD36E4-B90F-420F-B6B6-0399A2BAD037}
		{8E3DED7B-15A1-4628-B14D-20B23D373A56} = {FCDD36E4-B90F-420F-B6B6-0399A2BAD037}
		{A66F21DD-3E35-4B81-A25E-D260482F6261} = {7C4656C2-8796-428D-8298-416DB6651DBE}
		{7C4656C2-8796-428D-8298-416DB6651DBE} = {FCDD36E4-B90F-420F-B6B6-0399A2BAD037}
	EndGlobalSection
EndGlobal
